// !$*UTF8*$!
{
	archiveVersion = 1;
	classes = {
	};
	objectVersion = 46;
	objects = {

/* Begin PBXBuildFile section */
		4DDEABE2195FE8E5009684B8 /* Foundation.framework in Frameworks */ = {isa = PBXBuildFile; fileRef = 4DDEABE1195FE8E5009684B8 /* Foundation.framework */; };
		4DDEABE4195FE8E5009684B8 /* CoreGraphics.framework in Frameworks */ = {isa = PBXBuildFile; fileRef = 4DDEABE3195FE8E5009684B8 /* CoreGraphics.framework */; };
		4DDEABE6195FE8E5009684B8 /* UIKit.framework in Frameworks */ = {isa = PBXBuildFile; fileRef = 4DDEABE5195FE8E5009684B8 /* UIKit.framework */; };
		4DDEABEC195FE8E5009684B8 /* InfoPlist.strings in Resources */ = {isa = PBXBuildFile; fileRef = 4DDEABEA195FE8E5009684B8 /* InfoPlist.strings */; };
		4DDEABEE195FE8E5009684B8 /* main.m in Sources */ = {isa = PBXBuildFile; fileRef = 4DDEABED195FE8E5009684B8 /* main.m */; };
		4DDEABF2195FE8E5009684B8 /* AppDelegate.m in Sources */ = {isa = PBXBuildFile; fileRef = 4DDEABF1195FE8E5009684B8 /* AppDelegate.m */; };
		4DDEABF4195FE8E5009684B8 /* Images.xcassets in Resources */ = {isa = PBXBuildFile; fileRef = 4DDEABF3195FE8E5009684B8 /* Images.xcassets */; };
		4DDEABFB195FE8E5009684B8 /* XCTest.framework in Frameworks */ = {isa = PBXBuildFile; fileRef = 4DDEABFA195FE8E5009684B8 /* XCTest.framework */; };
		4DDEABFC195FE8E5009684B8 /* Foundation.framework in Frameworks */ = {isa = PBXBuildFile; fileRef = 4DDEABE1195FE8E5009684B8 /* Foundation.framework */; };
		4DDEABFD195FE8E5009684B8 /* UIKit.framework in Frameworks */ = {isa = PBXBuildFile; fileRef = 4DDEABE5195FE8E5009684B8 /* UIKit.framework */; };
		4DDEAC05195FE8E5009684B8 /* InfoPlist.strings in Resources */ = {isa = PBXBuildFile; fileRef = 4DDEAC03195FE8E5009684B8 /* InfoPlist.strings */; };
		4DDEAC07195FE8E5009684B8 /* RascalTests.m in Sources */ = {isa = PBXBuildFile; fileRef = 4DDEAC06195FE8E5009684B8 /* RascalTests.m */; };
/* End PBXBuildFile section */

/* Begin PBXContainerItemProxy section */
		4DDEABFE195FE8E5009684B8 /* PBXContainerItemProxy */ = {
			isa = PBXContainerItemProxy;
			containerPortal = 4DDEABD6195FE8E5009684B8 /* Project object */;
			proxyType = 1;
			remoteGlobalIDString = 4DDEABDD195FE8E5009684B8;
			remoteInfo = Rascal;
		};
/* End PBXContainerItemProxy section */

/* Begin PBXFileReference section */
		4DDEABDE195FE8E5009684B8 /* Rascal.app */ = {isa = PBXFileReference; explicitFileType = wrapper.application; includeInIndex = 0; path = Rascal.app; sourceTree = BUILT_PRODUCTS_DIR; };
		4DDEABE1195FE8E5009684B8 /* Foundation.framework */ = {isa = PBXFileReference; lastKnownFileType = wrapper.framework; name = Foundation.framework; path = System/Library/Frameworks/Foundation.framework; sourceTree = SDKROOT; };
		4DDEABE3195FE8E5009684B8 /* CoreGraphics.framework */ = {isa = PBXFileReference; lastKnownFileType = wrapper.framework; name = CoreGraphics.framework; path = System/Library/Frameworks/CoreGraphics.framework; sourceTree = SDKROOT; };
		4DDEABE5195FE8E5009684B8 /* UIKit.framework */ = {isa = PBXFileReference; lastKnownFileType = wrapper.framework; name = UIKit.framework; path = System/Library/Frameworks/UIKit.framework; sourceTree = SDKROOT; };
		4DDEABE9195FE8E5009684B8 /* Rascal-Info.plist */ = {isa = PBXFileReference; lastKnownFileType = text.plist.xml; path = "Rascal-Info.plist"; sourceTree = "<group>"; };
		4DDEABEB195FE8E5009684B8 /* en */ = {isa = PBXFileReference; lastKnownFileType = text.plist.strings; name = en; path = en.lproj/InfoPlist.strings; sourceTree = "<group>"; };
		4DDEABED195FE8E5009684B8 /* main.m */ = {isa = PBXFileReference; lastKnownFileType = sourcecode.c.objc; path = main.m; sourceTree = "<group>"; };
		4DDEABEF195FE8E5009684B8 /* Rascal-Prefix.pch */ = {isa = PBXFileReference; lastKnownFileType = sourcecode.c.h; path = "Rascal-Prefix.pch"; sourceTree = "<group>"; };
		4DDEABF0195FE8E5009684B8 /* AppDelegate.h */ = {isa = PBXFileReference; lastKnownFileType = sourcecode.c.h; path = AppDelegate.h; sourceTree = "<group>"; };
		4DDEABF1195FE8E5009684B8 /* AppDelegate.m */ = {isa = PBXFileReference; lastKnownFileType = sourcecode.c.objc; path = AppDelegate.m; sourceTree = "<group>"; };
		4DDEABF3195FE8E5009684B8 /* Images.xcassets */ = {isa = PBXFileReference; lastKnownFileType = folder.assetcatalog; path = Images.xcassets; sourceTree = "<group>"; };
		4DDEABF9195FE8E5009684B8 /* RascalTests.xctest */ = {isa = PBXFileReference; explicitFileType = wrapper.cfbundle; includeInIndex = 0; path = RascalTests.xctest; sourceTree = BUILT_PRODUCTS_DIR; };
		4DDEABFA195FE8E5009684B8 /* XCTest.framework */ = {isa = PBXFileReference; lastKnownFileType = wrapper.framework; name = XCTest.framework; path = Library/Frameworks/XCTest.framework; sourceTree = DEVELOPER_DIR; };
		4DDEAC02195FE8E5009684B8 /* RascalTests-Info.plist */ = {isa = PBXFileReference; lastKnownFileType = text.plist.xml; path = "RascalTests-Info.plist"; sourceTree = "<group>"; };
		4DDEAC04195FE8E5009684B8 /* en */ = {isa = PBXFileReference; lastKnownFileType = text.plist.strings; name = en; path = en.lproj/InfoPlist.strings; sourceTree = "<group>"; };
		4DDEAC06195FE8E5009684B8 /* RascalTests.m */ = {isa = PBXFileReference; lastKnownFileType = sourcecode.c.objc; path = RascalTests.m; sourceTree = "<group>"; };
/* End PBXFileReference section */

/* Begin PBXFrameworksBuildPhase section */
		4DDEABDB195FE8E5009684B8 /* Frameworks */ = {
			isa = PBXFrameworksBuildPhase;
			buildActionMask = 2147483647;
			files = (
				4DDEABE4195FE8E5009684B8 /* CoreGraphics.framework in Frameworks */,
				4DDEABE6195FE8E5009684B8 /* UIKit.framework in Frameworks */,
				4DDEABE2195FE8E5009684B8 /* Foundation.framework in Frameworks */,
			);
			runOnlyForDeploymentPostprocessing = 0;
		};
		4DDEABF6195FE8E5009684B8 /* Frameworks */ = {
			isa = PBXFrameworksBuildPhase;
			buildActionMask = 2147483647;
			files = (
				4DDEABFB195FE8E5009684B8 /* XCTest.framework in Frameworks */,
				4DDEABFD195FE8E5009684B8 /* UIKit.framework in Frameworks */,
				4DDEABFC195FE8E5009684B8 /* Foundation.framework in Frameworks */,
			);
			runOnlyForDeploymentPostprocessing = 0;
		};
/* End PBXFrameworksBuildPhase section */

/* Begin PBXGroup section */
		4DDEABD5195FE8E5009684B8 = {
			isa = PBXGroup;
			children = (
				4DDEABE7195FE8E5009684B8 /* Rascal */,
				4DDEAC00195FE8E5009684B8 /* RascalTests */,
				4DDEABE0195FE8E5009684B8 /* Frameworks */,
				4DDEABDF195FE8E5009684B8 /* Products */,
			);
			sourceTree = "<group>";
		};
		4DDEABDF195FE8E5009684B8 /* Products */ = {
			isa = PBXGroup;
			children = (
				4DDEABDE195FE8E5009684B8 /* Rascal.app */,
				4DDEABF9195FE8E5009684B8 /* RascalTests.xctest */,
			);
			name = Products;
			sourceTree = "<group>";
		};
		4DDEABE0195FE8E5009684B8 /* Frameworks */ = {
			isa = PBXGroup;
			children = (
				4DDEABE1195FE8E5009684B8 /* Foundation.framework */,
				4DDEABE3195FE8E5009684B8 /* CoreGraphics.framework */,
				4DDEABE5195FE8E5009684B8 /* UIKit.framework */,
				4DDEABFA195FE8E5009684B8 /* XCTest.framework */,
			);
			name = Frameworks;
			sourceTree = "<group>";
		};
		4DDEABE7195FE8E5009684B8 /* Rascal */ = {
			isa = PBXGroup;
			children = (
				4DDEABF0195FE8E5009684B8 /* AppDelegate.h */,
				4DDEABF1195FE8E5009684B8 /* AppDelegate.m */,
				4DDEABF3195FE8E5009684B8 /* Images.xcassets */,
				4DDEABE8195FE8E5009684B8 /* Supporting Files */,
			);
			path = Rascal;
			sourceTree = "<group>";
		};
		4DDEABE8195FE8E5009684B8 /* Supporting Files */ = {
			isa = PBXGroup;
			children = (
				4DDEABE9195FE8E5009684B8 /* Rascal-Info.plist */,
				4DDEABEA195FE8E5009684B8 /* InfoPlist.strings */,
				4DDEABED195FE8E5009684B8 /* main.m */,
				4DDEABEF195FE8E5009684B8 /* Rascal-Prefix.pch */,
			);
			name = "Supporting Files";
			sourceTree = "<group>";
		};
		4DDEAC00195FE8E5009684B8 /* RascalTests */ = {
			isa = PBXGroup;
			children = (
				4DDEAC06195FE8E5009684B8 /* RascalTests.m */,
				4DDEAC01195FE8E5009684B8 /* Supporting Files */,
			);
			path = RascalTests;
			sourceTree = "<group>";
		};
		4DDEAC01195FE8E5009684B8 /* Supporting Files */ = {
			isa = PBXGroup;
			children = (
				4DDEAC02195FE8E5009684B8 /* RascalTests-Info.plist */,
				4DDEAC03195FE8E5009684B8 /* InfoPlist.strings */,
			);
			name = "Supporting Files";
			sourceTree = "<group>";
		};
/* End PBXGroup section */

/* Begin PBXNativeTarget section */
		4DDEABDD195FE8E5009684B8 /* Rascal */ = {
			isa = PBXNativeTarget;
			buildConfigurationList = 4DDEAC0A195FE8E5009684B8 /* Build configuration list for PBXNativeTarget "Rascal" */;
			buildPhases = (
				4DDEABDA195FE8E5009684B8 /* Sources */,
				4DDEABDB195FE8E5009684B8 /* Frameworks */,
				4DDEABDC195FE8E5009684B8 /* Resources */,
			);
			buildRules = (
			);
			dependencies = (
			);
			name = Rascal;
			productName = Rascal;
			productReference = 4DDEABDE195FE8E5009684B8 /* Rascal.app */;
			productType = "com.apple.product-type.application";
		};
		4DDEABF8195FE8E5009684B8 /* RascalTests */ = {
			isa = PBXNativeTarget;
			buildConfigurationList = 4DDEAC0D195FE8E5009684B8 /* Build configuration list for PBXNativeTarget "RascalTests" */;
			buildPhases = (
				4DDEABF5195FE8E5009684B8 /* Sources */,
				4DDEABF6195FE8E5009684B8 /* Frameworks */,
				4DDEABF7195FE8E5009684B8 /* Resources */,
			);
			buildRules = (
			);
			dependencies = (
				4DDEABFF195FE8E5009684B8 /* PBXTargetDependency */,
			);
			name = RascalTests;
			productName = RascalTests;
			productReference = 4DDEABF9195FE8E5009684B8 /* RascalTests.xctest */;
			productType = "com.apple.product-type.bundle.unit-test";
		};
/* End PBXNativeTarget section */

/* Begin PBXProject section */
		4DDEABD6195FE8E5009684B8 /* Project object */ = {
			isa = PBXProject;
			attributes = {
				LastUpgradeCheck = 0510;
				ORGANIZATIONNAME = "Philip Ou";
				TargetAttributes = {
					4DDEABF8195FE8E5009684B8 = {
						TestTargetID = 4DDEABDD195FE8E5009684B8;
					};
				};
			};
			buildConfigurationList = 4DDEABD9195FE8E5009684B8 /* Build configuration list for PBXProject "Rascal" */;
			compatibilityVersion = "Xcode 3.2";
			developmentRegion = English;
			hasScannedForEncodings = 0;
			knownRegions = (
				en,
			);
			mainGroup = 4DDEABD5195FE8E5009684B8;
			productRefGroup = 4DDEABDF195FE8E5009684B8 /* Products */;
			projectDirPath = "";
			projectRoot = "";
			targets = (
				4DDEABDD195FE8E5009684B8 /* Rascal */,
				4DDEABF8195FE8E5009684B8 /* RascalTests */,
			);
		};
/* End PBXProject section */

/* Begin PBXResourcesBuildPhase section */
		4DDEABDC195FE8E5009684B8 /* Resources */ = {
			isa = PBXResourcesBuildPhase;
			buildActionMask = 2147483647;
			files = (
				4DDEABEC195FE8E5009684B8 /* InfoPlist.strings in Resources */,
				4DDEABF4195FE8E5009684B8 /* Images.xcassets in Resources */,
			);
			runOnlyForDeploymentPostprocessing = 0;
		};
		4DDEABF7195FE8E5009684B8 /* Resources */ = {
			isa = PBXResourcesBuildPhase;
			buildActionMask = 2147483647;
			files = (
				4DDEAC05195FE8E5009684B8 /* InfoPlist.strings in Resources */,
			);
			runOnlyForDeploymentPostprocessing = 0;
		};
/* End PBXResourcesBuildPhase section */

/* Begin PBXSourcesBuildPhase section */
		4DDEABDA195FE8E5009684B8 /* Sources */ = {
			isa = PBXSourcesBuildPhase;
			buildActionMask = 2147483647;
			files = (
				4DDEABF2195FE8E5009684B8 /* AppDelegate.m in Sources */,
				4DDEABEE195FE8E5009684B8 /* main.m in Sources */,
			);
			runOnlyForDeploymentPostprocessing = 0;
		};
		4DDEABF5195FE8E5009684B8 /* Sources */ = {
			isa = PBXSourcesBuildPhase;
			buildActionMask = 2147483647;
			files = (
				4DDEAC07195FE8E5009684B8 /* RascalTests.m in Sources */,
			);
			runOnlyForDeploymentPostprocessing = 0;
		};
/* End PBXSourcesBuildPhase section */

/* Begin PBXTargetDependency section */
		4DDEABFF195FE8E5009684B8 /* PBXTargetDependency */ = {
			isa = PBXTargetDependency;
			target = 4DDEABDD195FE8E5009684B8 /* Rascal */;
			targetProxy = 4DDEABFE195FE8E5009684B8 /* PBXContainerItemProxy */;
		};
/* End PBXTargetDependency section */

/* Begin PBXVariantGroup section */
		4DDEABEA195FE8E5009684B8 /* InfoPlist.strings */ = {
			isa = PBXVariantGroup;
			children = (
				4DDEABEB195FE8E5009684B8 /* en */,
			);
			name = InfoPlist.strings;
			sourceTree = "<group>";
		};
		4DDEAC03195FE8E5009684B8 /* InfoPlist.strings */ = {
			isa = PBXVariantGroup;
			children = (
				4DDEAC04195FE8E5009684B8 /* en */,
			);
			name = InfoPlist.strings;
			sourceTree = "<group>";
		};
/* End PBXVariantGroup section */

/* Begin XCBuildConfiguration section */
		4DDEAC08195FE8E5009684B8 /* Debug */ = {
			isa = XCBuildConfiguration;
			buildSettings = {
				ALWAYS_SEARCH_USER_PATHS = NO;
				CLANG_CXX_LANGUAGE_STANDARD = "gnu++0x";
				CLANG_CXX_LIBRARY = "libc++";
				CLANG_ENABLE_MODULES = YES;
				CLANG_ENABLE_OBJC_ARC = YES;
				CLANG_WARN_BOOL_CONVERSION = YES;
				CLANG_WARN_CONSTANT_CONVERSION = YES;
				CLANG_WARN_DIRECT_OBJC_ISA_USAGE = YES_ERROR;
				CLANG_WARN_EMPTY_BODY = YES;
				CLANG_WARN_ENUM_CONVERSION = YES;
				CLANG_WARN_INT_CONVERSION = YES;
				CLANG_WARN_OBJC_ROOT_CLASS = YES_ERROR;
				CLANG_WARN__DUPLICATE_METHOD_MATCH = YES;
				"CODE_SIGN_IDENTITY[sdk=iphoneos*]" = "iPhone Developer";
				COPY_PHASE_STRIP = NO;
				GCC_C_LANGUAGE_STANDARD = gnu99;
				GCC_DYNAMIC_NO_PIC = NO;
				GCC_OPTIMIZATION_LEVEL = 0;
				GCC_PREPROCESSOR_DEFINITIONS = (
					"DEBUG=1",
					"$(inherited)",
				);
				GCC_SYMBOLS_PRIVATE_EXTERN = NO;
				GCC_WARN_64_TO_32_BIT_CONVERSION = YES;
				GCC_WARN_ABOUT_RETURN_TYPE = YES_ERROR;
				GCC_WARN_UNDECLARED_SELECTOR = YES;
				GCC_WARN_UNINITIALIZED_AUTOS = YES_AGGRESSIVE;
				GCC_WARN_UNUSED_FUNCTION = YES;
				GCC_WARN_UNUSED_VARIABLE = YES;
				IPHONEOS_DEPLOYMENT_TARGET = 7.1;
				ONLY_ACTIVE_ARCH = YES;
				SDKROOT = iphoneos;
			};
			name = Debug;
		};
		4DDEAC09195FE8E5009684B8 /* Release */ = {
			isa = XCBuildConfiguration;
			buildSettings = {
				ALWAYS_SEARCH_USER_PATHS = NO;
				CLANG_CXX_LANGUAGE_STANDARD = "gnu++0x";
				CLANG_CXX_LIBRARY = "libc++";
				CLANG_ENABLE_MODULES = YES;
				CLANG_ENABLE_OBJC_ARC = YES;
				CLANG_WARN_BOOL_CONVERSION = YES;
				CLANG_WARN_CONSTANT_CONVERSION = YES;
				CLANG_WARN_DIRECT_OBJC_ISA_USAGE = YES_ERROR;
				CLANG_WARN_EMPTY_BODY = YES;
				CLANG_WARN_ENUM_CONVERSION = YES;
				CLANG_WARN_INT_CONVERSION = YES;
				CLANG_WARN_OBJC_ROOT_CLASS = YES_ERROR;
				CLANG_WARN__DUPLICATE_METHOD_MATCH = YES;
				"CODE_SIGN_IDENTITY[sdk=iphoneos*]" = "iPhone Developer";
				COPY_PHASE_STRIP = YES;
				ENABLE_NS_ASSERTIONS = NO;
				GCC_C_LANGUAGE_STANDARD = gnu99;
				GCC_WARN_64_TO_32_BIT_CONVERSION = YES;
				GCC_WARN_ABOUT_RETURN_TYPE = YES_ERROR;
				GCC_WARN_UNDECLARED_SELECTOR = YES;
				GCC_WARN_UNINITIALIZED_AUTOS = YES_AGGRESSIVE;
				GCC_WARN_UNUSED_FUNCTION = YES;
				GCC_WARN_UNUSED_VARIABLE = YES;
				IPHONEOS_DEPLOYMENT_TARGET = 7.1;
				SDKROOT = iphoneos;
				VALIDATE_PRODUCT = YES;
			};
			name = Release;
		};
		4DDEAC0B195FE8E5009684B8 /* Debug */ = {
			isa = XCBuildConfiguration;
			buildSettings = {
				ASSETCATALOG_COMPILER_APPICON_NAME = AppIcon;
				ASSETCATALOG_COMPILER_LAUNCHIMAGE_NAME = LaunchImage;
				GCC_PRECOMPILE_PREFIX_HEADER = YES;
				GCC_PREFIX_HEADER = "Rascal/Rascal-Prefix.pch";
				INFOPLIST_FILE = "Rascal/Rascal-Info.plist";
				PRODUCT_NAME = "$(TARGET_NAME)";
				WRAPPER_EXTENSION = app;
			};
			name = Debug;
		};
		4DDEAC0C195FE8E5009684B8 /* Release */ = {
			isa = XCBuildConfiguration;
			buildSettings = {
				ASSETCATALOG_COMPILER_APPICON_NAME = AppIcon;
				ASSETCATALOG_COMPILER_LAUNCHIMAGE_NAME = LaunchImage;
				GCC_PRECOMPILE_PREFIX_HEADER = YES;
				GCC_PREFIX_HEADER = "Rascal/Rascal-Prefix.pch";
				INFOPLIST_FILE = "Rascal/Rascal-Info.plist";
				PRODUCT_NAME = "$(TARGET_NAME)";
				WRAPPER_EXTENSION = app;
			};
			name = Release;
		};
		4DDEAC0E195FE8E5009684B8 /* Debug */ = {
			isa = XCBuildConfiguration;
			buildSettings = {
				BUNDLE_LOADER = "$(BUILT_PRODUCTS_DIR)/Rascal.app/Rascal";
				FRAMEWORK_SEARCH_PATHS = (
					"$(SDKROOT)/Developer/Library/Frameworks",
					"$(inherited)",
					"$(DEVELOPER_FRAMEWORKS_DIR)",
				);
				GCC_PRECOMPILE_PREFIX_HEADER = YES;
				GCC_PREFIX_HEADER = "Rascal/Rascal-Prefix.pch";
				GCC_PREPROCESSOR_DEFINITIONS = (
					"DEBUG=1",
					"$(inherited)",
				);
				INFOPLIST_FILE = "RascalTests/RascalTests-Info.plist";
				PRODUCT_NAME = "$(TARGET_NAME)";
				TEST_HOST = "$(BUNDLE_LOADER)";
				WRAPPER_EXTENSION = xctest;
			};
			name = Debug;
		};
		4DDEAC0F195FE8E5009684B8 /* Release */ = {
			isa = XCBuildConfiguration;
			buildSettings = {
				BUNDLE_LOADER = "$(BUILT_PRODUCTS_DIR)/Rascal.app/Rascal";
				FRAMEWORK_SEARCH_PATHS = (
					"$(SDKROOT)/Developer/Library/Frameworks",
					"$(inherited)",
					"$(DEVELOPER_FRAMEWORKS_DIR)",
				);
				GCC_PRECOMPILE_PREFIX_HEADER = YES;
				GCC_PREFIX_HEADER = "Rascal/Rascal-Prefix.pch";
				INFOPLIST_FILE = "RascalTests/RascalTests-Info.plist";
				PRODUCT_NAME = "$(TARGET_NAME)";
				TEST_HOST = "$(BUNDLE_LOADER)";
				WRAPPER_EXTENSION = xctest;
			};
			name = Release;
		};
/* End XCBuildConfiguration section */

/* Begin XCConfigurationList section */
		4DDEABD9195FE8E5009684B8 /* Build configuration list for PBXProject "Rascal" */ = {
			isa = XCConfigurationList;
			buildConfigurations = (
				4DDEAC08195FE8E5009684B8 /* Debug */,
				4DDEAC09195FE8E5009684B8 /* Release */,
			);
			defaultConfigurationIsVisible = 0;
			defaultConfigurationName = Release;
		};
		4DDEAC0A195FE8E5009684B8 /* Build configuration list for PBXNativeTarget "Rascal" */ = {
			isa = XCConfigurationList;
			buildConfigurations = (
				4DDEAC0B195FE8E5009684B8 /* Debug */,
				4DDEAC0C195FE8E5009684B8 /* Release */,
			);
			defaultConfigurationIsVisible = 0;
		};
		4DDEAC0D195FE8E5009684B8 /* Build configuration list for PBXNativeTarget "RascalTests" */ = {
			isa = XCConfigurationList;
			buildConfigurations = (
				4DDEAC0E195FE8E5009684B8 /* Debug */,
				4DDEAC0F195FE8E5009684B8 /* Release */,
			);
			defaultConfigurationIsVisible = 0;
		};
/* End XCConfigurationList section */
	};
	rootObject = 4DDEABD6195FE8E5009684B8 /* Project object */;
}
